
Microsoft Visual Studio Solution File, Format Version 12.00
# Visual Studio 15
Project("{FAE04EC0-301F-11D3-BF4B-00C04F79EFBC}") = "MVCApp", "MVCApp.csproj", "{4353E5C6-EAEC-4414-B707-EA28CB57E22F}"
EndProject
Global
	GlobalSection(SolutionConfigurationPlatforms) = preSolution
		Debug|Any CPU = Debug|Any CPU
		Release|Any CPU = Release|Any CPU
	EndGlobalSection
	GlobalSection(ProjectConfigurationPlatforms) = postSolution
		{4353E5C6-EAEC-4414-B707-EA28CB57E22F}.Debug|Any CPU.ActiveCfg = Debug|Any CPU
		{4353E5C6-EAEC-4414-B707-EA28CB57E22F}.Debug|Any CPU.Build.0 = Debug|Any CPU
		{4353E5C6-EAEC-4414-B707-EA28CB57E22F}.Release|Any CPU.ActiveCfg = Release|Any CPU
		{4353E5C6-EAEC-4414-B707-EA28CB57E22F}.Release|Any CPU.Build.0 = Release|Any CPU
	EndGlobalSection
EndGlobal
